# THIS IS AN AUTOGENERATED FILE. DO NOT EDIT THIS FILE DIRECTLY.
# yarn lockfile v1


"@types/body-parser@*":
  version "1.17.0"
  resolved "https://registry.yarnpkg.com/@types/body-parser/-/body-parser-1.17.0.tgz#9f5c9d9bd04bb54be32d5eb9fc0d8c974e6cf58c"
  integrity sha512-a2+YeUjPkztKJu5aIF2yArYFQQp8d51wZ7DavSHjFuY1mqVgidGyzEQ41JIVNy82fXj8yPgy2vJmfIywgESW6w==
  dependencies:
    "@types/connect" "*"
    "@types/node" "*"

"@types/connect@*":
  version "3.4.32"
  resolved "https://registry.yarnpkg.com/@types/connect/-/connect-3.4.32.tgz#aa0e9616b9435ccad02bc52b5b454ffc2c70ba28"
  integrity sha512-4r8qa0quOvh7lGD0pre62CAb1oni1OO6ecJLGCezTmhQ8Fz50Arx9RUszryR8KlgK6avuSXvviL6yWyViQABOg==
  dependencies:
    "@types/node" "*"

"@types/express-serve-static-core@*":
  version "4.16.1"
  resolved "https://registry.yarnpkg.com/@types/express-serve-static-core/-/express-serve-static-core-4.16.1.tgz#35df7b302299a4ab138a643617bd44078e74d44e"
  integrity sha512-QgbIMRU1EVRry5cIu1ORCQP4flSYqLM1lS5LYyGWfKnFT3E58f0gKto7BR13clBFVrVZ0G0rbLZ1hUpSkgQQOA==
  dependencies:
    "@types/node" "*"
    "@types/range-parser" "*"

"@types/express@^4.16.1":
  version "4.16.1"
  resolved "https://registry.yarnpkg.com/@types/express/-/express-4.16.1.tgz#d756bd1a85c34d87eaf44c888bad27ba8a4b7cf0"
  integrity sha512-V0clmJow23WeyblmACoxbHBu2JKlE5TiIme6Lem14FnPW9gsttyHtk6wq7njcdIWH1njAaFgR8gW09lgY98gQg==
  dependencies:
    "@types/body-parser" "*"
    "@types/express-serve-static-core" "*"
    "@types/serve-static" "*"

"@types/mime@*":
  version "2.0.0"
  resolved "https://registry.yarnpkg.com/@types/mime/-/mime-2.0.0.tgz#5a7306e367c539b9f6543499de8dd519fac37a8b"
  integrity sha512-A2TAGbTFdBw9azHbpVd+/FkdW2T6msN1uct1O9bH3vTerEHKZhTXJUQXy+hNq1B0RagfU8U+KBdqiZpxjhOUQA==

"@types/node@*", "@types/node@^10.12.18":
  version "10.12.18"
  resolved "https://registry.yarnpkg.com/@types/node/-/node-10.12.18.tgz#1d3ca764718915584fcd9f6344621b7672665c67"
  integrity sha512-fh+pAqt4xRzPfqA6eh3Z2y6fyZavRIumvjhaCL753+TVkGKGhpPeyrJG2JftD0T9q4GF00KjefsQ+PQNDdWQaQ==

"@types/range-parser@*":
  version "1.2.3"
  resolved "https://registry.yarnpkg.com/@types/range-parser/-/range-parser-1.2.3.tgz#7ee330ba7caafb98090bece86a5ee44115904c2c"
  integrity sha512-ewFXqrQHlFsgc09MK5jP5iR7vumV/BYayNC6PgJO2LPe8vrnNFyjQjSppfEngITi0qvfKtzFvgKymGheFM9UOA==

"@types/serve-static@*":
  version "1.13.2"
  resolved "https://registry.yarnpkg.com/@types/serve-static/-/serve-static-1.13.2.tgz#f5ac4d7a6420a99a6a45af4719f4dcd8cd907a48"
  integrity sha512-/BZ4QRLpH/bNYgZgwhKEh+5AsboDBcUdlBYgzoLX0fpj3Y2gp6EApyOlM3bK53wQS/OE1SrdSYBAbux2D1528Q==
  dependencies:
    "@types/express-serve-static-core" "*"
    "@types/mime" "*"

accept@2.x.x:
  version "2.1.4"
  resolved "https://registry.yarnpkg.com/accept/-/accept-2.1.4.tgz#887af54ceee5c7f4430461971ec400c61d09acbb"
  integrity sha1-iHr1TO7lx/RDBGGXHsQAxh0JrLs=
  dependencies:
    boom "5.x.x"
    hoek "4.x.x"

accepts@~1.2.5:
  version "1.2.13"
  resolved "https://registry.yarnpkg.com/accepts/-/accepts-1.2.13.tgz#e5f1f3928c6d95fd96558c36ec3d9d0de4a6ecea"
  integrity sha1-5fHzkoxtlf2WVYw27D2dDeSm7Oo=
  dependencies:
    mime-types "~2.1.6"
    negotiator "0.5.3"

aguid@^1.0.4:
  version "1.0.4"
  resolved "https://registry.yarnpkg.com/aguid/-/aguid-1.0.4.tgz#41abd4d63b88606ea7d5f9829916d710a3ca53ba"
  integrity sha1-QavU1juIYG6n1fmCmRbXEKPKU7o=
  dependencies:
    node-uuid "^1.4.7"

ammo@2.x.x:
  version "2.0.4"
  resolved "https://registry.yarnpkg.com/ammo/-/ammo-2.0.4.tgz#bf80aab211698ea78f63ef5e7f113dd5d9e8917f"
  integrity sha1-v4CqshFpjqePY+9efxE91dnokX8=
  dependencies:
    boom "5.x.x"
    hoek "4.x.x"

arg@^4.1.0:
  version "4.1.0"
  resolved "https://registry.yarnpkg.com/arg/-/arg-4.1.0.tgz#583c518199419e0037abb74062c37f8519e575f0"
  integrity sha512-ZWc51jO3qegGkVh8Hwpv636EkbesNV5ZNQPCtRa+0qytRYPEs9IYT9qITY9buezqUH5uqyzlWLcufrzU2rffdg==

arrify@^1.0.0:
  version "1.0.1"
  resolved "https://registry.yarnpkg.com/arrify/-/arrify-1.0.1.tgz#898508da2226f380df904728456849c1501a4b0d"
  integrity sha1-iYUI2iIm84DfkEcoRWhJwVAaSw0=

async@^2.1.4:
  version "2.6.1"
  resolved "https://registry.yarnpkg.com/async/-/async-2.6.1.tgz#b245a23ca71930044ec53fa46aa00a3e87c6a610"
  integrity sha512-fNEiL2+AZt6AlAw/29Cr0UDe4sRAHCpEHh54WMz+Bb7QfNcFw4h3loofyJpLeQs4Yx7yuqu/2dLgM5hKOs6HlQ==
  dependencies:
    lodash "^4.17.10"

b64@3.x.x:
  version "3.0.3"
  resolved "https://registry.yarnpkg.com/b64/-/b64-3.0.3.tgz#36afeee0d9345f046387ce6de8a6702afe5bb56e"
  integrity sha512-Pbeh0i6OLubPJdIdCepn8ZQHwN2MWznZHbHABSTEfQ706ie+yuxNSaPdqX1xRatT6WanaS1EazMiSg0NUW2XxQ==

boom@5.x.x:
  version "5.2.0"
  resolved "https://registry.yarnpkg.com/boom/-/boom-5.2.0.tgz#5dd9da6ee3a5f302077436290cb717d3f4a54e02"
  integrity sha512-Z5BTk6ZRe4tXXQlkqftmsAUANpXmuwlsF5Oov8ThoMbQRzdGTA1ngYRW160GexgOgjsFOKJz0LYhoNi+2AMBUw==
  dependencies:
    hoek "4.x.x"

boom@^4.2.0:
  version "4.3.1"
  resolved "https://registry.yarnpkg.com/boom/-/boom-4.3.1.tgz#4f8a3005cb4a7e3889f749030fd25b96e01d2e31"
  integrity sha1-T4owBctKfjiJ90kDD9JbluAdLjE=
  dependencies:
    hoek "4.x.x"

buffer-from@^1.0.0:
  version "1.1.1"
  resolved "https://registry.yarnpkg.com/buffer-from/-/buffer-from-1.1.1.tgz#32713bc028f75c02fdb710d7c7bcec1f2c6070ef"
  integrity sha512-MQcXEUbCKtEo7bhqEs6560Hyd4XaovZlO/k9V3hjVUF/zwW7KBVdSK4gIt/bzwS9MbR5qob+F5jusZsb0YQK2A==

call@4.x.x:
  version "4.0.2"
  resolved "https://registry.yarnpkg.com/call/-/call-4.0.2.tgz#df76f5f51ee8dd48b856ac8400f7e69e6d7399c4"
  integrity sha1-33b19R7o3Ui4VqyEAPfmnm1zmcQ=
  dependencies:
    boom "5.x.x"
    hoek "4.x.x"

catbox-memory@2.x.x:
  version "2.0.4"
  resolved "https://registry.yarnpkg.com/catbox-memory/-/catbox-memory-2.0.4.tgz#433e255902caf54233d1286429c8f4df14e822d5"
  integrity sha1-Qz4lWQLK9UIz0ShkKcj03xToItU=
  dependencies:
    hoek "4.x.x"

catbox@7.x.x:
  version "7.1.5"
  resolved "https://registry.yarnpkg.com/catbox/-/catbox-7.1.5.tgz#c56f7e8e9555d27c0dc038a96ef73e57d186bb1f"
  integrity sha512-4fui5lELzqZ+9cnaAP/BcqXTH6LvWLBRtFhJ0I4FfgfXiSaZcf6k9m9dqOyChiTxNYtvLk7ZMYSf7ahMq3bf5A==
  dependencies:
    boom "5.x.x"
    hoek "4.x.x"
    joi "10.x.x"

content-disposition@0.5.0:
  version "0.5.0"
  resolved "https://registry.yarnpkg.com/content-disposition/-/content-disposition-0.5.0.tgz#4284fe6ae0630874639e44e80a418c2934135e9e"
  integrity sha1-QoT+auBjCHRjnkToCkGMKTQTXp4=

content-type@~1.0.1:
  version "1.0.4"
  resolved "https://registry.yarnpkg.com/content-type/-/content-type-1.0.4.tgz#e138cc75e040c727b1966fe5e5f8c9aee256fe3b"
  integrity sha512-hIP3EEPs8tB9AT1L+NUqtwOAps4mk2Zob89MWXMHjHWg9milF/j4osnnQLXBCBFBk/tvIG/tUc9mOUJiPBhPXA==

content@3.x.x:
  version "3.0.7"
  resolved "https://registry.yarnpkg.com/content/-/content-3.0.7.tgz#0cbb88e82702d35ccf59800b8add609bb5c1dfc2"
  integrity sha512-LXtnSnvE+Z1Cjpa3P9gh9kb396qV4MqpfwKy777BOSF8n6nw2vAi03tHNl0/XRqZUyzVzY/+nMXOZVnEapWzdg==
  dependencies:
    boom "5.x.x"

cookie-signature@1.0.6:
  version "1.0.6"
  resolved "https://registry.yarnpkg.com/cookie-signature/-/cookie-signature-1.0.6.tgz#e303a882b342cc3ee8ca513a79999734dab3ae2c"
  integrity sha1-4wOogrNCzD7oylE6eZmXNNqzriw=

cookie@0.1.2:
  version "0.1.2"
  resolved "https://registry.yarnpkg.com/cookie/-/cookie-0.1.2.tgz#72fec3d24e48a3432073d90c12642005061004b1"
  integrity sha1-cv7D0k5Io0Mgc9kMEmQgBQYQBLE=

crc@3.2.1:
  version "3.2.1"
  resolved "https://registry.yarnpkg.com/crc/-/crc-3.2.1.tgz#5d9c8fb77a245cd5eca291e5d2d005334bab0082"
  integrity sha1-XZyPt3okXNXsopHl0tAFM0urAII=

cryptiles@3.x.x:
  version "3.1.4"
  resolved "https://registry.yarnpkg.com/cryptiles/-/cryptiles-3.1.4.tgz#769a68c95612b56faadfcebf57ac86479cbe8322"
  integrity sha512-8I1sgZHfVwcSOY6mSGpVU3lw/GSIZvusg8dD2+OGehCJpOhQRLNcH0qb9upQnOH4XhgxxFJSg6E2kx95deb1Tw==
  dependencies:
    boom "5.x.x"

debug@^2.6.0:
  version "2.6.9"
  resolved "https://registry.yarnpkg.com/debug/-/debug-2.6.9.tgz#5d128515df134ff327e90a4c93f4e077a536341f"
  integrity sha512-bC7ElrdJaJnPbAP+1EotYvqZsb3ecl5wi6Bfi6BJTUcNowp6cvspg0jXznRTKDjm/E7AdgFBVeAPVMNcKGsHMA==
  dependencies:
    ms "2.0.0"

debug@~2.1.3:
  version "2.1.3"
  resolved "https://registry.yarnpkg.com/debug/-/debug-2.1.3.tgz#ce8ab1b5ee8fbee2bfa3b633cab93d366b63418e"
  integrity sha1-zoqxte6PvuK/o7Yzyrk9NmtjQY4=
  dependencies:
    ms "0.7.0"

debug@~2.2.0:
  version "2.2.0"
  resolved "https://registry.yarnpkg.com/debug/-/debug-2.2.0.tgz#f87057e995b1a1f6ae6a4960664137bc56f039da"
  integrity sha1-+HBX6ZWxofauaklgZkE3vFbwOdo=
  dependencies:
    ms "0.7.1"

depd@~1.0.0, depd@~1.0.1:
  version "1.0.1"
  resolved "https://registry.yarnpkg.com/depd/-/depd-1.0.1.tgz#80aec64c9d6d97e65cc2a9caa93c0aa6abf73aaa"
  integrity sha1-gK7GTJ1tl+ZcwqnKqTwKpqv3Oqo=

destroy@1.0.3:
  version "1.0.3"
  resolved "https://registry.yarnpkg.com/destroy/-/destroy-1.0.3.tgz#b433b4724e71fd8551d9885174851c5fc377e2c9"
  integrity sha1-tDO0ck5x/YVR2YhRdIUcX8N34sk=

diff@^3.1.0:
  version "3.5.0"
  resolved "https://registry.yarnpkg.com/diff/-/diff-3.5.0.tgz#800c0dd1e0a8bfbc95835c202ad220fe317e5a12"
  integrity sha512-A46qtFgd+g7pDZinpnwiRJtxbC1hpgf0uzP3iG89scHk0AUC7A1TGxf5OiiOUv/JMZR8GOt8hL900hV0bOy5xA==

ee-first@1.1.0:
  version "1.1.0"
  resolved "https://registry.yarnpkg.com/ee-first/-/ee-first-1.1.0.tgz#6a0d7c6221e490feefd92ec3f441c9ce8cd097f4"
  integrity sha1-ag18YiHkkP7v2S7D9EHJzozQl/Q=

ejs@2.3.1:
  version "2.3.1"
  resolved "https://registry.yarnpkg.com/ejs/-/ejs-2.3.1.tgz#a697d98ac401e32a99c3deed92c60c19b6199a7f"
  integrity sha1-ppfZisQB4yqZw97tksYMGbYZmn8=

escape-html@1.0.1:
  version "1.0.1"
  resolved "https://registry.yarnpkg.com/escape-html/-/escape-html-1.0.1.tgz#181a286ead397a39a92857cfb1d43052e356bff0"
  integrity sha1-GBoobq05ejmpKFfPsdQwUuNWv/A=

etag@~1.5.1:
  version "1.5.1"
  resolved "https://registry.yarnpkg.com/etag/-/etag-1.5.1.tgz#54c50de04ee42695562925ac566588291be7e9ea"
  integrity sha1-VMUN4E7kJpVWKSWsVmWIKRvn6eo=
  dependencies:
    crc "3.2.1"

etag@~1.6.0:
  version "1.6.0"
  resolved "https://registry.yarnpkg.com/etag/-/etag-1.6.0.tgz#8bcb2c6af1254c481dfc8b997c906ef4e442c207"
  integrity sha1-i8ssavElTEgd/IuZfJBu9ORCwgc=
  dependencies:
    crc "3.2.1"

express@4.12.3:
  version "4.12.3"
  resolved "https://registry.yarnpkg.com/express/-/express-4.12.3.tgz#6b9d94aec5ae03270d86d390c277a8c5a5ad0ee2"
  integrity sha1-a52UrsWuAycNhtOQwneoxaWtDuI=
  dependencies:
    accepts "~1.2.5"
    content-disposition "0.5.0"
    content-type "~1.0.1"
    cookie "0.1.2"
    cookie-signature "1.0.6"
    debug "~2.1.3"
    depd "~1.0.0"
    escape-html "1.0.1"
    etag "~1.5.1"
    finalhandler "0.3.4"
    fresh "0.2.4"
    merge-descriptors "1.0.0"
    methods "~1.1.1"
    on-finished "~2.2.0"
    parseurl "~1.3.0"
    path-to-regexp "0.1.3"
    proxy-addr "~1.0.7"
    qs "2.4.1"
    range-parser "~1.0.2"
    send "0.12.2"
    serve-static "~1.9.2"
    type-is "~1.6.1"
    utils-merge "1.0.0"
    vary "~1.0.0"

fauxmojs@^1.0.3:
  version "1.0.3"
  resolved "https://registry.yarnpkg.com/fauxmojs/-/fauxmojs-1.0.3.tgz#98fb1c2211d94a65a341ee29a42921a508f2c00d"
  integrity sha512-lNvQ9YZkbaSY+PA5hIUWnn0JacrJC3bNrLYYBPqfsCwKxGkaDOCdzqcY1WvL51jUqYw6ZN0txT+hKDM+Bq2HUg==
  dependencies:
    aguid "^1.0.4"
    async "^2.1.4"
    boom "^4.2.0"
    debug "^2.6.0"
    hapi "^16.1.0"
    lodash "^4.17.3"
    q "^1.4.1"
    uuid "^3.0.1"

finalhandler@0.3.4:
  version "0.3.4"
  resolved "https://registry.yarnpkg.com/finalhandler/-/finalhandler-0.3.4.tgz#4787d3573d079ae8b07536f26b0b911ebaf2a2ac"
  integrity sha1-R4fTVz0HmuiwdTbyawuRHrryoqw=
  dependencies:
    debug "~2.1.3"
    escape-html "1.0.1"
    on-finished "~2.2.0"

forwarded@~0.1.0:
  version "0.1.2"
  resolved "https://registry.yarnpkg.com/forwarded/-/forwarded-0.1.2.tgz#98c23dab1175657b8c0573e8ceccd91b0ff18c84"
  integrity sha1-mMI9qxF1ZXuMBXPozszZGw/xjIQ=

fresh@0.2.4:
  version "0.2.4"
  resolved "https://registry.yarnpkg.com/fresh/-/fresh-0.2.4.tgz#3582499206c9723714190edd74b4604feb4a614c"
  integrity sha1-NYJJkgbJcjcUGQ7ddLRgT+tKYUw=

hapi@^16.1.0:
  version "16.7.0"
  resolved "https://registry.yarnpkg.com/hapi/-/hapi-16.7.0.tgz#3bb39517971df81e8198ec04751455e8b6cb0871"
  integrity sha512-UeMX1LMWmHEIgMlwZGK/3lhI7X0VRvOioVply0Y9qF+/O5woGdQzNB8ZmDnLOBjnB6bdWWHyo5DEamuCsE1vmg==
  dependencies:
    accept "2.x.x"
    ammo "2.x.x"
    boom "5.x.x"
    call "4.x.x"
    catbox "7.x.x"
    catbox-memory "2.x.x"
    cryptiles "3.x.x"
    heavy "4.x.x"
    hoek "4.x.x"
    iron "4.x.x"
    items "2.x.x"
    joi "11.x.x"
    mimos "3.x.x"
    podium "1.x.x"
    shot "3.x.x"
    somever "1.x.x"
    statehood "5.x.x"
    subtext "5.x.x"
    topo "2.x.x"

heavy@4.x.x:
  version "4.0.4"
  resolved "https://registry.yarnpkg.com/heavy/-/heavy-4.0.4.tgz#36c91336c00ccfe852caa4d153086335cd2f00e9"
  integrity sha1-NskTNsAMz+hSyqTRUwhjNc0vAOk=
  dependencies:
    boom "5.x.x"
    hoek "4.x.x"
    joi "10.x.x"

hoek@4.x.x:
  version "4.2.1"
  resolved "https://registry.yarnpkg.com/hoek/-/hoek-4.2.1.tgz#9634502aa12c445dd5a7c5734b572bb8738aacbb"
  integrity sha512-QLg82fGkfnJ/4iy1xZ81/9SIJiq1NGFUMGs6ParyjBZr6jW2Ufj/snDqTHixNlHdPNwN2RLVD0Pi3igeK9+JfA==

ipaddr.js@1.0.5:
  version "1.0.5"
  resolved "https://registry.yarnpkg.com/ipaddr.js/-/ipaddr.js-1.0.5.tgz#5fa78cf301b825c78abc3042d812723049ea23c7"
  integrity sha1-X6eM8wG4JceKvDBC2BJyMEnqI8c=

iron@4.x.x:
  version "4.0.5"
  resolved "https://registry.yarnpkg.com/iron/-/iron-4.0.5.tgz#4f042cceb8b9738f346b59aa734c83a89bc31428"
  integrity sha1-TwQszri5c480a1mqc0yDqJvDFCg=
  dependencies:
    boom "5.x.x"
    cryptiles "3.x.x"
    hoek "4.x.x"

isemail@2.x.x:
  version "2.2.1"
  resolved "https://registry.yarnpkg.com/isemail/-/isemail-2.2.1.tgz#0353d3d9a62951080c262c2aa0a42b8ea8e9e2a6"
  integrity sha1-A1PT2aYpUQgMJiwqoKQrjqjp4qY=

isemail@3.x.x:
  version "3.2.0"
  resolved "https://registry.yarnpkg.com/isemail/-/isemail-3.2.0.tgz#59310a021931a9fb06bbb51e155ce0b3f236832c"
  integrity sha512-zKqkK+O+dGqevc93KNsbZ/TqTUFd46MwWjYOoMrjIMZ51eU7DtQG3Wmd9SQQT7i7RVnuTPEiYEWHU3MSbxC1Tg==
  dependencies:
    punycode "2.x.x"

items@2.x.x:
  version "2.1.2"
  resolved "https://registry.yarnpkg.com/items/-/items-2.1.2.tgz#0849354595805d586dac98e7e6e85556ea838558"
  integrity sha512-kezcEqgB97BGeZZYtX/MA8AG410ptURstvnz5RAgyFZ8wQFPMxHY8GpTq+/ZHKT3frSlIthUq7EvLt9xn3TvXg==

joi@10.x.x:
  version "10.6.0"
  resolved "https://registry.yarnpkg.com/joi/-/joi-10.6.0.tgz#52587f02d52b8b75cdb0c74f0b164a191a0e1fc2"
  integrity sha512-hBF3LcqyAid+9X/pwg+eXjD2QBZI5eXnBFJYaAkH4SK3mp9QSRiiQnDYlmlz5pccMvnLcJRS4whhDOTCkmsAdQ==
  dependencies:
    hoek "4.x.x"
    isemail "2.x.x"
    items "2.x.x"
    topo "2.x.x"

joi@11.x.x:
  version "11.4.0"
  resolved "https://registry.yarnpkg.com/joi/-/joi-11.4.0.tgz#f674897537b625e9ac3d0b7e1604c828ad913ccb"
  integrity sha512-O7Uw+w/zEWgbL6OcHbyACKSj0PkQeUgmehdoXVSxt92QFCq4+1390Rwh5moI2K/OgC7D8RHRZqHZxT2husMJHA==
  dependencies:
    hoek "4.x.x"
    isemail "3.x.x"
    topo "2.x.x"

lodash@^4.17.10, lodash@^4.17.3:
  version "4.17.11"
  resolved "https://registry.yarnpkg.com/lodash/-/lodash-4.17.11.tgz#b39ea6229ef607ecd89e2c8df12536891cac9b8d"
  integrity sha512-cQKh8igo5QUhZ7lg38DYWAxMvjSAKG0A8wGSVimP07SIUEK2UO+arSRKbRZWtelMtN5V0Hkwh5ryOto/SshYIg==

make-error@^1.1.1:
  version "1.3.5"
  resolved "https://registry.yarnpkg.com/make-error/-/make-error-1.3.5.tgz#efe4e81f6db28cadd605c70f29c831b58ef776c8"
  integrity sha512-c3sIjNUow0+8swNwVpqoH4YCShKNFkMaw6oH1mNS2haDZQqkeZFlHS3dhoeEbKKmJB4vXpJucU6oH75aDYeE9g==

media-typer@0.3.0:
  version "0.3.0"
  resolved "https://registry.yarnpkg.com/media-typer/-/media-typer-0.3.0.tgz#8710d7af0aa626f8fffa1ce00168545263255748"
  integrity sha1-hxDXrwqmJvj/+hzgAWhUUmMlV0g=

merge-descriptors@1.0.0:
  version "1.0.0"
  resolved "https://registry.yarnpkg.com/merge-descriptors/-/merge-descriptors-1.0.0.tgz#2169cf7538e1b0cc87fb88e1502d8474bbf79864"
  integrity sha1-IWnPdTjhsMyH+4jhUC2EdLv3mGQ=

methods@~1.1.1:
  version "1.1.2"
  resolved "https://registry.yarnpkg.com/methods/-/methods-1.1.2.tgz#5529a4d67654134edcc5266656835b0f851afcee"
  integrity sha1-VSmk1nZUE07cxSZmVoNbD4Ua/O4=

mime-db@1.x.x, mime-db@~1.37.0:
  version "1.37.0"
  resolved "https://registry.yarnpkg.com/mime-db/-/mime-db-1.37.0.tgz#0b6a0ce6fdbe9576e25f1f2d2fde8830dc0ad0d8"
  integrity sha512-R3C4db6bgQhlIhPU48fUtdVmKnflq+hRdad7IyKhtFj06VPNVdk2RhiYL3UjQIlso8L+YxAtFkobT0VK+S/ybg==

mime-types@~2.1.18, mime-types@~2.1.6:
  version "2.1.21"
  resolved "https://registry.yarnpkg.com/mime-types/-/mime-types-2.1.21.tgz#28995aa1ecb770742fe6ae7e58f9181c744b3f96"
  integrity sha512-3iL6DbwpyLzjR3xHSFNFeb9Nz/M8WDkX33t1GFQnFOllWk8pOrh/LSrB5OXlnlW5P9LH73X6loW/eogc+F5lJg==
  dependencies:
    mime-db "~1.37.0"

mime@1.3.4:
  version "1.3.4"
  resolved "https://registry.yarnpkg.com/mime/-/mime-1.3.4.tgz#115f9e3b6b3daf2959983cb38f149a2d40eb5d53"
  integrity sha1-EV+eO2s9rylZmDyzjxSaLUDrXVM=

mimos@3.x.x:
  version "3.0.3"
  resolved "https://registry.yarnpkg.com/mimos/-/mimos-3.0.3.tgz#b9109072ad378c2b72f6a0101c43ddfb2b36641f"
  integrity sha1-uRCQcq03jCty9qAQHEPd+ys2ZB8=
  dependencies:
    hoek "4.x.x"
    mime-db "1.x.x"

ms@0.7.0:
  version "0.7.0"
  resolved "https://registry.yarnpkg.com/ms/-/ms-0.7.0.tgz#865be94c2e7397ad8a57da6a633a6e2f30798b83"
  integrity sha1-hlvpTC5zl62KV9pqYzpuLzB5i4M=

ms@0.7.1:
  version "0.7.1"
  resolved "https://registry.yarnpkg.com/ms/-/ms-0.7.1.tgz#9cd13c03adbff25b65effde7ce864ee952017098"
  integrity sha1-nNE8A62/8ltl7/3nzoZO6VIBcJg=

ms@2.0.0:
  version "2.0.0"
  resolved "https://registry.yarnpkg.com/ms/-/ms-2.0.0.tgz#5608aeadfc00be6c2901df5f9861788de0d597c8"
  integrity sha1-VgiurfwAvmwpAd9fmGF4jeDVl8g=

negotiator@0.5.3:
  version "0.5.3"
  resolved "https://registry.yarnpkg.com/negotiator/-/negotiator-0.5.3.tgz#269d5c476810ec92edbe7b6c2f28316384f9a7e8"
  integrity sha1-Jp1cR2gQ7JLtvntsLygxY4T5p+g=

nigel@2.x.x:
  version "2.0.2"
  resolved "https://registry.yarnpkg.com/nigel/-/nigel-2.0.2.tgz#93a1866fb0c52d87390aa75e2b161f4b5c75e5b1"
  integrity sha1-k6GGb7DFLYc5CqdeKxYfS1x15bE=
  dependencies:
    hoek "4.x.x"
    vise "2.x.x"

node-uuid@^1.4.7:
  version "1.4.8"
  resolved "https://registry.yarnpkg.com/node-uuid/-/node-uuid-1.4.8.tgz#b040eb0923968afabf8d32fb1f17f1167fdab907"
  integrity sha1-sEDrCSOWivq/jTL7HxfxFn/auQc=

on-finished@~2.2.0, on-finished@~2.2.1:
  version "2.2.1"
  resolved "https://registry.yarnpkg.com/on-finished/-/on-finished-2.2.1.tgz#5c85c1cc36299f78029653f667f27b6b99ebc029"
  integrity sha1-XIXBzDYpn3gCllP2Z/J7a5nrwCk=
  dependencies:
    ee-first "1.1.0"

parseurl@~1.3.0:
  version "1.3.2"
  resolved "https://registry.yarnpkg.com/parseurl/-/parseurl-1.3.2.tgz#fc289d4ed8993119460c156253262cdc8de65bf3"
  integrity sha1-/CidTtiZMRlGDBViUyYs3I3mW/M=

path-to-regexp@0.1.3:
  version "0.1.3"
  resolved "https://registry.yarnpkg.com/path-to-regexp/-/path-to-regexp-0.1.3.tgz#21b9ab82274279de25b156ea08fd12ca51b8aecb"
  integrity sha1-IbmrgidCed4lsVbqCP0SylG4rss=

pez@2.x.x:
  version "2.1.5"
  resolved "https://registry.yarnpkg.com/pez/-/pez-2.1.5.tgz#5ec2cc62500cc3eb4236d4a414cf5a17b5eb5007"
  integrity sha1-XsLMYlAMw+tCNtSkFM9aF7XrUAc=
  dependencies:
    b64 "3.x.x"
    boom "5.x.x"
    content "3.x.x"
    hoek "4.x.x"
    nigel "2.x.x"

podium@1.x.x:
  version "1.3.0"
  resolved "https://registry.yarnpkg.com/podium/-/podium-1.3.0.tgz#3c490f54d16f10f5260cbe98641f1cb733a8851c"
  integrity sha512-ZIujqk1pv8bRZNVxwwwq0BhXilZ2udycQT3Kp8ah3f3TcTmVg7ILJsv/oLf47gRa2qeiP584lNq+pfvS9U3aow==
  dependencies:
    hoek "4.x.x"
    items "2.x.x"
    joi "10.x.x"

proxy-addr@~1.0.7:
  version "1.0.10"
  resolved "https://registry.yarnpkg.com/proxy-addr/-/proxy-addr-1.0.10.tgz#0d40a82f801fc355567d2ecb65efe3f077f121c5"
  integrity sha1-DUCoL4Afw1VWfS7LZe/j8HfxIcU=
  dependencies:
    forwarded "~0.1.0"
    ipaddr.js "1.0.5"

punycode@2.x.x:
  version "2.1.1"
  resolved "https://registry.yarnpkg.com/punycode/-/punycode-2.1.1.tgz#b58b010ac40c22c5657616c8d2c2c02c7bf479ec"
  integrity sha512-XRsRjdf+j5ml+y/6GKHPZbrF/8p2Yga0JPtdqTIY2Xe5ohJPD9saDJJLPvp9+NSBprVvevdXZybnj2cv8OEd0A==

q@^1.4.1:
  version "1.5.1"
  resolved "https://registry.yarnpkg.com/q/-/q-1.5.1.tgz#7e32f75b41381291d04611f1bf14109ac00651d7"
  integrity sha1-fjL3W0E4EpHQRhHxvxQQmsAGUdc=

qs@2.4.1:
  version "2.4.1"
  resolved "https://registry.yarnpkg.com/qs/-/qs-2.4.1.tgz#68cbaea971013426a80c1404fad6b1a6b1175245"
  integrity sha1-aMuuqXEBNCaoDBQE+taxprEXUkU=

range-parser@~1.0.2:
  version "1.0.3"
  resolved "https://registry.yarnpkg.com/range-parser/-/range-parser-1.0.3.tgz#6872823535c692e2c2a0103826afd82c2e0ff175"
  integrity sha1-aHKCNTXGkuLCoBA4Jq/YLC4P8XU=

send@0.12.2:
  version "0.12.2"
  resolved "https://registry.yarnpkg.com/send/-/send-0.12.2.tgz#ba6785e47ab41aa0358b9da401ab22ff0f58eab6"
  integrity sha1-umeF5Hq0GqA1i52kAasi/w9Y6rY=
  dependencies:
    debug "~2.1.3"
    depd "~1.0.0"
    destroy "1.0.3"
    escape-html "1.0.1"
    etag "~1.5.1"
    fresh "0.2.4"
    mime "1.3.4"
    ms "0.7.0"
    on-finished "~2.2.0"
    range-parser "~1.0.2"

send@0.12.3:
  version "0.12.3"
  resolved "https://registry.yarnpkg.com/send/-/send-0.12.3.tgz#cd12dc58fde21e4f91902b39b2fda05a7a6d9bdc"
  integrity sha1-zRLcWP3iHk+RkCs5sv2gWnptm9w=
  dependencies:
    debug "~2.2.0"
    depd "~1.0.1"
    destroy "1.0.3"
    escape-html "1.0.1"
    etag "~1.6.0"
    fresh "0.2.4"
    mime "1.3.4"
    ms "0.7.1"
    on-finished "~2.2.1"
    range-parser "~1.0.2"

serve-static@~1.9.2:
  version "1.9.3"
  resolved "https://registry.yarnpkg.com/serve-static/-/serve-static-1.9.3.tgz#5f8da07323ad385ff3dc541f1a7917b2e436eb57"
  integrity sha1-X42gcyOtOF/z3FQfGnkXsuQ261c=
  dependencies:
    escape-html "1.0.1"
    parseurl "~1.3.0"
    send "0.12.3"
    utils-merge "1.0.0"

shot@3.x.x:
  version "3.4.2"
  resolved "https://registry.yarnpkg.com/shot/-/shot-3.4.2.tgz#1e5c3f6f2b26649adc42f7eb350214a5a0291d67"
  integrity sha1-Hlw/bysmZJrcQvfrNQIUpaApHWc=
  dependencies:
    hoek "4.x.x"
    joi "10.x.x"

somever@1.x.x:
  version "1.0.1"
  resolved "https://registry.yarnpkg.com/somever/-/somever-1.0.1.tgz#28a5c7de0d55f781af52fbce9960db1b84ce206e"
  integrity sha512-PCDMBcega4n7wuBUKmkiXidF3cOwtHHGg2qJYl0Rkw7StZqORoCgqce7HUuWNta/NAiQhwLDezNnTANxEWPCGA==
  dependencies:
    hoek "4.x.x"

source-map-support@^0.5.6:
  version "0.5.10"
  resolved "https://registry.yarnpkg.com/source-map-support/-/source-map-support-0.5.10.tgz#2214080bc9d51832511ee2bab96e3c2f9353120c"
  integrity sha512-YfQ3tQFTK/yzlGJuX8pTwa4tifQj4QS2Mj7UegOu8jAz59MqIiMGPXxQhVQiIMNzayuUSF/jEuVnfFF5JqybmQ==
  dependencies:
    buffer-from "^1.0.0"
    source-map "^0.6.0"

source-map@^0.6.0:
  version "0.6.1"
  resolved "https://registry.yarnpkg.com/source-map/-/source-map-0.6.1.tgz#74722af32e9614e9c287a8d0bbde48b5e2f1a263"
  integrity sha512-UjgapumWlbMhkBgzT7Ykc5YXUT46F0iKu8SGXq0bcwP5dz/h0Plj6enJqjz1Zbq2l5WaqYnrVbwWOWMyF3F47g==

statehood@5.x.x:
  version "5.0.3"
  resolved "https://registry.yarnpkg.com/statehood/-/statehood-5.0.3.tgz#c07a75620db5379b60d2edd47f538002a8ac7dd6"
  integrity sha512-YrPrCt10t3ImH/JMO5szSwX7sCm8HoqVl3VFLOa9EZ1g/qJx/ZmMhN+2uzPPB/vaU6hpkJpXxcBWsgIkkG+MXA==
  dependencies:
    boom "5.x.x"
    cryptiles "3.x.x"
    hoek "4.x.x"
    iron "4.x.x"
    items "2.x.x"
    joi "10.x.x"

subtext@5.x.x:
  version "5.0.0"
  resolved "https://registry.yarnpkg.com/subtext/-/subtext-5.0.0.tgz#9c3f083018bb1586b167ad8cfd87083f5ccdfe0f"
  integrity sha512-2nXG1G1V+K64Z20cQII7k0s38J2DSycMXBLMAk9RXUFG0uAkAbLSVoa88croX9VhTdBCJbLAe9g6LmzKwpJhhQ==
  dependencies:
    boom "5.x.x"
    content "3.x.x"
    hoek "4.x.x"
    pez "2.x.x"
    wreck "12.x.x"

topo@2.x.x:
  version "2.0.2"
  resolved "https://registry.yarnpkg.com/topo/-/topo-2.0.2.tgz#cd5615752539057c0dc0491a621c3bc6fbe1d182"
  integrity sha1-zVYVdSU5BXwNwEkaYhw7xvvh0YI=
  dependencies:
    hoek "4.x.x"

ts-node@^8.0.1:
  version "8.0.1"
  resolved "https://registry.yarnpkg.com/ts-node/-/ts-node-8.0.1.tgz#cad98e8d50f0474f0d763ca8dc4c1bf8b7554ae2"
  integrity sha512-zER3Js6Iotp31ghen6nKjgX75UOipwTWX9T5fAVmHaaYAizWhOes4uAsLmDC8H51UG5tHL8gNjoa/wLFjo7wtA==
  dependencies:
    arg "^4.1.0"
    arrify "^1.0.0"
    diff "^3.1.0"
    make-error "^1.1.1"
    source-map-support "^0.5.6"
    yn "^2.0.0"

type-is@~1.6.1:
  version "1.6.16"
  resolved "https://registry.yarnpkg.com/type-is/-/type-is-1.6.16.tgz#f89ce341541c672b25ee7ae3c73dee3b2be50194"
  integrity sha512-HRkVv/5qY2G6I8iab9cI7v1bOIdhm94dVjQCPFElW9W+3GeDOSHmy2EBYe4VTApuzolPcmgFTN3ftVJRKR2J9Q==
  dependencies:
    media-typer "0.3.0"
    mime-types "~2.1.18"

typescript@^3.2.4:
  version "3.2.4"
  resolved "https://registry.yarnpkg.com/typescript/-/typescript-3.2.4.tgz#c585cb952912263d915b462726ce244ba510ef3d"
  integrity sha512-0RNDbSdEokBeEAkgNbxJ+BLwSManFy9TeXz8uW+48j/xhEXv1ePME60olyzw2XzUqUBNAYFeJadIqAgNqIACwg==

utils-merge@1.0.0:
  version "1.0.0"
  resolved "https://registry.yarnpkg.com/utils-merge/-/utils-merge-1.0.0.tgz#0294fb922bb9375153541c4f7096231f287c8af8"
  integrity sha1-ApT7kiu5N1FTVBxPcJYjHyh8ivg=

uuid@^3.0.1:
  version "3.3.2"
  resolved "https://registry.yarnpkg.com/uuid/-/uuid-3.3.2.tgz#1b4af4955eb3077c501c23872fc6513811587131"
  integrity sha512-yXJmeNaw3DnnKAOKJE51sL/ZaYfWJRl1pK9dr19YFCu0ObS231AB1/LbqTKRAQ5kw8A90rA6fr4riOUpTZvQZA==

vary@~1.0.0:
  version "1.0.1"
  resolved "https://registry.yarnpkg.com/vary/-/vary-1.0.1.tgz#99e4981566a286118dfb2b817357df7993376d10"
  integrity sha1-meSYFWaihhGN+yuBc1ffeZM3bRA=

vise@2.x.x:
  version "2.0.2"
  resolved "https://registry.yarnpkg.com/vise/-/vise-2.0.2.tgz#6b08e8fb4cb76e3a50cd6dd0ec37338e811a0d39"
  integrity sha1-awjo+0y3bjpQzW3Q7DczjoEaDTk=
  dependencies:
    hoek "4.x.x"

wreck@12.x.x:
  version "12.5.1"
  resolved "https://registry.yarnpkg.com/wreck/-/wreck-12.5.1.tgz#cd2ffce167449e1f0242ed9cf80552e20fb6902a"
  integrity sha512-l5DUGrc+yDyIflpty1x9XuMj1ehVjC/dTbF3/BasOO77xk0EdEa4M/DuOY8W88MQDAD0fEDqyjc8bkIMHd2E9A==
  dependencies:
    boom "5.x.x"
    hoek "4.x.x"

yn@^2.0.0:
  version "2.0.0"
  resolved "https://registry.yarnpkg.com/yn/-/yn-2.0.0.tgz#e5adabc8acf408f6385fc76495684c88e6af689a"
  integrity sha1-5a2ryKz0CPY4X8dklWhMiOavaJo=
